
Microsoft Visual Studio Solution File, Format Version 12.00
# Visual Studio Version 17
VisualStudioVersion = 17.4.33122.133
MinimumVisualStudioVersion = 10.0.40219.1
Project("{FAE04EC0-301F-11D3-BF4B-00C04F79EFBC}") = "GRAFOS", "GRAFOS\GRAFOS.csproj", "{94E8DA0E-F619-444D-87B8-8D5E9028191B}"
EndProject
Global
	GlobalSection(SolutionConfigurationPlatforms) = preSolution
		Debug|Any CPU = Debug|Any CPU
		Release|Any CPU = Release|Any CPU
	EndGlobalSection
	GlobalSection(ProjectConfigurationPlatforms) = postSolution
		{94E8DA0E-F619-444D-87B8-8D5E9028191B}.Debug|Any CPU.ActiveCfg = Debug|Any CPU
		{94E8DA0E-F619-444D-87B8-8D5E9028191B}.Debug|Any CPU.Build.0 = Debug|Any CPU
		{94E8DA0E-F619-444D-87B8-8D5E9028191B}.Release|Any CPU.ActiveCfg = Release|Any CPU
		{94E8DA0E-F619-444D-87B8-8D5E9028191B}.Release|Any CPU.Build.0 = Release|Any CPU
	EndGlobalSection
	GlobalSection(SolutionProperties) = preSolution
		HideSolutionNode = FALSE
	EndGlobalSection
	GlobalSection(ExtensibilityGlobals) = postSolution
		SolutionGuid = {5BD2CCCB-C93A-4750-A6F1-4EFAA482FB7A}
	EndGlobalSection
EndGlobal
